
Microsoft Visual Studio Solution File, Format Version 12.00
# Visual Studio Version 17
VisualStudioVersion = 17.13.35806.99 d17.13
MinimumVisualStudioVersion = 10.0.40219.1
Project("{FAE04EC0-301F-11D3-BF4B-00C04F79EFBC}") = "WeightConvertorApp", "WeightConvertorApp\WeightConvertorApp.csproj", "{82D5E949-D6ED-4F21-B4F2-4A0BF559BC10}"
EndProject
Global
	GlobalSection(SolutionConfigurationPlatforms) = preSolution
		Debug|Any CPU = Debug|Any CPU
		Release|Any CPU = Release|Any CPU
	EndGlobalSection
	GlobalSection(ProjectConfigurationPlatforms) = postSolution
		{82D5E949-D6ED-4F21-B4F2-4A0BF559BC10}.Debug|Any CPU.ActiveCfg = Debug|Any CPU
		{82D5E949-D6ED-4F21-B4F2-4A0BF559BC10}.Debug|Any CPU.Build.0 = Debug|Any CPU
		{82D5E949-D6ED-4F21-B4F2-4A0BF559BC10}.Release|Any CPU.ActiveCfg = Release|Any CPU
		{82D5E949-D6ED-4F21-B4F2-4A0BF559BC10}.Release|Any CPU.Build.0 = Release|Any CPU
	EndGlobalSection
	GlobalSection(SolutionProperties) = preSolution
		HideSolutionNode = FALSE
	EndGlobalSection
	GlobalSection(ExtensibilityGlobals) = postSolution
		SolutionGuid = {EF030A6E-B56A-4549-88D2-0AD58A9DD51D}
	EndGlobalSection
EndGlobal
