
Microsoft Visual Studio Solution File, Format Version 12.00
# Visual Studio Version 17
VisualStudioVersion = 17.13.35806.99 d17.13
MinimumVisualStudioVersion = 10.0.40219.1
Project("{FAE04EC0-301F-11D3-BF4B-00C04F79EFBC}") = "Function", "Function\Function.csproj", "{D80C004F-693B-4B5B-9D60-AC9223A27D24}"
EndProject
Global
	GlobalSection(SolutionConfigurationPlatforms) = preSolution
		Debug|Any CPU = Debug|Any CPU
		Release|Any CPU = Release|Any CPU
	EndGlobalSection
	GlobalSection(ProjectConfigurationPlatforms) = postSolution
		{D80C004F-693B-4B5B-9D60-AC9223A27D24}.Debug|Any CPU.ActiveCfg = Debug|Any CPU
		{D80C004F-693B-4B5B-9D60-AC9223A27D24}.Debug|Any CPU.Build.0 = Debug|Any CPU
		{D80C004F-693B-4B5B-9D60-AC9223A27D24}.Release|Any CPU.ActiveCfg = Release|Any CPU
		{D80C004F-693B-4B5B-9D60-AC9223A27D24}.Release|Any CPU.Build.0 = Release|Any CPU
	EndGlobalSection
	GlobalSection(SolutionProperties) = preSolution
		HideSolutionNode = FALSE
	EndGlobalSection
	GlobalSection(ExtensibilityGlobals) = postSolution
		SolutionGuid = {00CFABD9-907F-45C0-A8AA-FA6DB48AE62F}
	EndGlobalSection
EndGlobal
