
Microsoft Visual Studio Solution File, Format Version 12.00
# Visual Studio Version 17
VisualStudioVersion = 17.13.35806.99 d17.13
MinimumVisualStudioVersion = 10.0.40219.1
Project("{FAE04EC0-301F-11D3-BF4B-00C04F79EFBC}") = "loginPractice", "loginPractice\loginPractice.csproj", "{31612674-56C9-42BF-8A63-E17D200414BC}"
EndProject
Global
	GlobalSection(SolutionConfigurationPlatforms) = preSolution
		Debug|Any CPU = Debug|Any CPU
		Release|Any CPU = Release|Any CPU
	EndGlobalSection
	GlobalSection(ProjectConfigurationPlatforms) = postSolution
		{31612674-56C9-42BF-8A63-E17D200414BC}.Debug|Any CPU.ActiveCfg = Debug|Any CPU
		{31612674-56C9-42BF-8A63-E17D200414BC}.Debug|Any CPU.Build.0 = Debug|Any CPU
		{31612674-56C9-42BF-8A63-E17D200414BC}.Release|Any CPU.ActiveCfg = Release|Any CPU
		{31612674-56C9-42BF-8A63-E17D200414BC}.Release|Any CPU.Build.0 = Release|Any CPU
	EndGlobalSection
	GlobalSection(SolutionProperties) = preSolution
		HideSolutionNode = FALSE
	EndGlobalSection
	GlobalSection(ExtensibilityGlobals) = postSolution
		SolutionGuid = {F6B13E02-DE78-47D3-84FE-7FA7742B4F24}
	EndGlobalSection
EndGlobal
